
Microsoft Visual Studio Solution File, Format Version 12.00
# Visual Studio Version 16
VisualStudioVersion = 16.0.809.9
MinimumVisualStudioVersion = 10.0.40219.1
Project("{2150E333-8FDC-42A3-9474-1A3956D46DE8}") = "Evento", "Evento", "{42C71733-C294-462A-9D21-5B410C48104B}"
EndProject
Project("{FAE04EC0-301F-11D3-BF4B-00C04F79EFBC}") = "Event.Uau.Evento.API", "Event.Uau.Evento.API\Event.Uau.Evento.API.csproj", "{69452831-FC58-47E4-B90D-EB28621111CD}"
EndProject
Project("{FAE04EC0-301F-11D3-BF4B-00C04F79EFBC}") = "Event.Uau.Evento.Core", "Event.Uau.Evento.Core\Event.Uau.Evento.Core.csproj", "{07078FA0-4FBC-460E-9CEC-274E0EC9E694}"
EndProject
Project("{FAE04EC0-301F-11D3-BF4B-00C04F79EFBC}") = "Event.Uau.Evento.Domain", "Event.Uau.Evento.Domain\Event.Uau.Evento.Domain.csproj", "{648D7533-6817-4107-BF8B-723EA0C47E0A}"
EndProject
Project("{FAE04EC0-301F-11D3-BF4B-00C04F79EFBC}") = "Event.Uau.Evento.Persistence", "Event.Uau.Evento.Persistence\Event.Uau.Evento.Persistence.csproj", "{7617282F-C357-41DF-9D5A-5BC2CD4F9C83}"
EndProject
Project("{FAE04EC0-301F-11D3-BF4B-00C04F79EFBC}") = "Event.Uau.Evento.Test", "Event.Uau.Evento.Test\Event.Uau.Evento.Test.csproj", "{1FADACFF-F9A3-4FCA-93CF-B5D25721F110}"
EndProject
Global
	GlobalSection(SolutionConfigurationPlatforms) = preSolution
		Debug|Any CPU = Debug|Any CPU
		Release|Any CPU = Release|Any CPU
	EndGlobalSection
	GlobalSection(ProjectConfigurationPlatforms) = postSolution
		{69452831-FC58-47E4-B90D-EB28621111CD}.Debug|Any CPU.ActiveCfg = Debug|Any CPU
		{69452831-FC58-47E4-B90D-EB28621111CD}.Debug|Any CPU.Build.0 = Debug|Any CPU
		{69452831-FC58-47E4-B90D-EB28621111CD}.Release|Any CPU.ActiveCfg = Release|Any CPU
		{69452831-FC58-47E4-B90D-EB28621111CD}.Release|Any CPU.Build.0 = Release|Any CPU
		{07078FA0-4FBC-460E-9CEC-274E0EC9E694}.Debug|Any CPU.ActiveCfg = Debug|Any CPU
		{07078FA0-4FBC-460E-9CEC-274E0EC9E694}.Debug|Any CPU.Build.0 = Debug|Any CPU
		{07078FA0-4FBC-460E-9CEC-274E0EC9E694}.Release|Any CPU.ActiveCfg = Release|Any CPU
		{07078FA0-4FBC-460E-9CEC-274E0EC9E694}.Release|Any CPU.Build.0 = Release|Any CPU
		{648D7533-6817-4107-BF8B-723EA0C47E0A}.Debug|Any CPU.ActiveCfg = Debug|Any CPU
		{648D7533-6817-4107-BF8B-723EA0C47E0A}.Debug|Any CPU.Build.0 = Debug|Any CPU
		{648D7533-6817-4107-BF8B-723EA0C47E0A}.Release|Any CPU.ActiveCfg = Release|Any CPU
		{648D7533-6817-4107-BF8B-723EA0C47E0A}.Release|Any CPU.Build.0 = Release|Any CPU
		{7617282F-C357-41DF-9D5A-5BC2CD4F9C83}.Debug|Any CPU.ActiveCfg = Debug|Any CPU
		{7617282F-C357-41DF-9D5A-5BC2CD4F9C83}.Debug|Any CPU.Build.0 = Debug|Any CPU
		{7617282F-C357-41DF-9D5A-5BC2CD4F9C83}.Release|Any CPU.ActiveCfg = Release|Any CPU
		{7617282F-C357-41DF-9D5A-5BC2CD4F9C83}.Release|Any CPU.Build.0 = Release|Any CPU
		{1FADACFF-F9A3-4FCA-93CF-B5D25721F110}.Debug|Any CPU.ActiveCfg = Debug|Any CPU
		{1FADACFF-F9A3-4FCA-93CF-B5D25721F110}.Debug|Any CPU.Build.0 = Debug|Any CPU
		{1FADACFF-F9A3-4FCA-93CF-B5D25721F110}.Release|Any CPU.ActiveCfg = Release|Any CPU
		{1FADACFF-F9A3-4FCA-93CF-B5D25721F110}.Release|Any CPU.Build.0 = Release|Any CPU
	EndGlobalSection
	GlobalSection(SolutionProperties) = preSolution
		HideSolutionNode = FALSE
	EndGlobalSection
	GlobalSection(ExtensibilityGlobals) = postSolution
		SolutionGuid = {846F5EFB-31E1-4B64-990A-EE0E4770C083}
	EndGlobalSection
	GlobalSection(NestedProjects) = preSolution
		{69452831-FC58-47E4-B90D-EB28621111CD} = {42C71733-C294-462A-9D21-5B410C48104B}
		{07078FA0-4FBC-460E-9CEC-274E0EC9E694} = {42C71733-C294-462A-9D21-5B410C48104B}
		{648D7533-6817-4107-BF8B-723EA0C47E0A} = {42C71733-C294-462A-9D21-5B410C48104B}
		{7617282F-C357-41DF-9D5A-5BC2CD4F9C83} = {42C71733-C294-462A-9D21-5B410C48104B}
		{1FADACFF-F9A3-4FCA-93CF-B5D25721F110} = {42C71733-C294-462A-9D21-5B410C48104B}
	EndGlobalSection
EndGlobal
