
Microsoft Visual Studio Solution File, Format Version 12.00
# Visual Studio Version 16
VisualStudioVersion = 16.0.810.9
MinimumVisualStudioVersion = 10.0.40219.1
Project("{FAE04EC0-301F-11D3-BF4B-00C04F79EFBC}") = "Event.Uau.Endereco.API", "Event.Uau.Endereco.API\Event.Uau.Endereco.API.csproj", "{95A34178-3A92-40EE-A08A-1CB64CBE8C03}"
EndProject
Project("{2150E333-8FDC-42A3-9474-1A3956D46DE8}") = "Compartilhado", "Compartilhado", "{031EDE62-EFB2-440F-8DAA-149664B79117}"
EndProject
Project("{FAE04EC0-301F-11D3-BF4B-00C04F79EFBC}") = "Event.Uau.Comum.ViewModel", "..\Compartilhado\Event.Uau.Comum.ViewModel\Event.Uau.Comum.ViewModel.csproj", "{E06365B5-D709-49BB-8D13-4CC23C83B1FD}"
EndProject
Project("{FAE04EC0-301F-11D3-BF4B-00C04F79EFBC}") = "Event.Uau.Comum.Util", "..\Compartilhado\Event.Uau.Comum.Util\Event.Uau.Comum.Util.csproj", "{937458D2-E6B2-4F9C-8F90-A9C92076008C}"
EndProject
Project("{FAE04EC0-301F-11D3-BF4B-00C04F79EFBC}") = "Event.Uau.Comum.Configuracao", "..\Compartilhado\Event.Uau.Comum.Configuracao\Event.Uau.Comum.Configuracao.csproj", "{BFD86BBE-669B-4566-B136-8B247212F013}"
EndProject
Project("{FAE04EC0-301F-11D3-BF4B-00C04F79EFBC}") = "Event.Uau.Endereco.Core", "Event.Uau.Endereco.Core\Event.Uau.Endereco.Core.csproj", "{63972058-4890-4F55-A3AE-1F946618EF87}"
EndProject
Project("{FAE04EC0-301F-11D3-BF4B-00C04F79EFBC}") = "Event.Uau.Endereco.ViewModel", "Event.Uau.Endereco.ViewModel\Event.Uau.Endereco.ViewModel.csproj", "{7D12F5B1-2123-450A-8989-00EDFF1644F5}"
EndProject
Project("{FAE04EC0-301F-11D3-BF4B-00C04F79EFBC}") = "Event.Uau.Endereco.Domain", "Event.Uau.Endereco.Domain\Event.Uau.Endereco.Domain.csproj", "{B311200E-2B41-465B-B474-FBAEDA94A957}"
EndProject
Project("{FAE04EC0-301F-11D3-BF4B-00C04F79EFBC}") = "Event.Uau.Endereco.Persistence", "Event.Uau.Endereco.Persistence\Event.Uau.Endereco.Persistence.csproj", "{D7FE0B8F-7E8B-4B40-B89E-FFE655A77FEC}"
EndProject
Global
	GlobalSection(SolutionConfigurationPlatforms) = preSolution
		Debug|Any CPU = Debug|Any CPU
		Release|Any CPU = Release|Any CPU
	EndGlobalSection
	GlobalSection(ProjectConfigurationPlatforms) = postSolution
		{95A34178-3A92-40EE-A08A-1CB64CBE8C03}.Debug|Any CPU.ActiveCfg = Debug|Any CPU
		{95A34178-3A92-40EE-A08A-1CB64CBE8C03}.Debug|Any CPU.Build.0 = Debug|Any CPU
		{95A34178-3A92-40EE-A08A-1CB64CBE8C03}.Release|Any CPU.ActiveCfg = Release|Any CPU
		{95A34178-3A92-40EE-A08A-1CB64CBE8C03}.Release|Any CPU.Build.0 = Release|Any CPU
		{E06365B5-D709-49BB-8D13-4CC23C83B1FD}.Debug|Any CPU.ActiveCfg = Debug|Any CPU
		{E06365B5-D709-49BB-8D13-4CC23C83B1FD}.Debug|Any CPU.Build.0 = Debug|Any CPU
		{E06365B5-D709-49BB-8D13-4CC23C83B1FD}.Release|Any CPU.ActiveCfg = Release|Any CPU
		{E06365B5-D709-49BB-8D13-4CC23C83B1FD}.Release|Any CPU.Build.0 = Release|Any CPU
		{937458D2-E6B2-4F9C-8F90-A9C92076008C}.Debug|Any CPU.ActiveCfg = Debug|Any CPU
		{937458D2-E6B2-4F9C-8F90-A9C92076008C}.Debug|Any CPU.Build.0 = Debug|Any CPU
		{937458D2-E6B2-4F9C-8F90-A9C92076008C}.Release|Any CPU.ActiveCfg = Release|Any CPU
		{937458D2-E6B2-4F9C-8F90-A9C92076008C}.Release|Any CPU.Build.0 = Release|Any CPU
		{BFD86BBE-669B-4566-B136-8B247212F013}.Debug|Any CPU.ActiveCfg = Debug|Any CPU
		{BFD86BBE-669B-4566-B136-8B247212F013}.Debug|Any CPU.Build.0 = Debug|Any CPU
		{BFD86BBE-669B-4566-B136-8B247212F013}.Release|Any CPU.ActiveCfg = Release|Any CPU
		{BFD86BBE-669B-4566-B136-8B247212F013}.Release|Any CPU.Build.0 = Release|Any CPU
		{63972058-4890-4F55-A3AE-1F946618EF87}.Debug|Any CPU.ActiveCfg = Debug|Any CPU
		{63972058-4890-4F55-A3AE-1F946618EF87}.Debug|Any CPU.Build.0 = Debug|Any CPU
		{63972058-4890-4F55-A3AE-1F946618EF87}.Release|Any CPU.ActiveCfg = Release|Any CPU
		{63972058-4890-4F55-A3AE-1F946618EF87}.Release|Any CPU.Build.0 = Release|Any CPU
		{7D12F5B1-2123-450A-8989-00EDFF1644F5}.Debug|Any CPU.ActiveCfg = Debug|Any CPU
		{7D12F5B1-2123-450A-8989-00EDFF1644F5}.Debug|Any CPU.Build.0 = Debug|Any CPU
		{7D12F5B1-2123-450A-8989-00EDFF1644F5}.Release|Any CPU.ActiveCfg = Release|Any CPU
		{7D12F5B1-2123-450A-8989-00EDFF1644F5}.Release|Any CPU.Build.0 = Release|Any CPU
		{B311200E-2B41-465B-B474-FBAEDA94A957}.Debug|Any CPU.ActiveCfg = Debug|Any CPU
		{B311200E-2B41-465B-B474-FBAEDA94A957}.Debug|Any CPU.Build.0 = Debug|Any CPU
		{B311200E-2B41-465B-B474-FBAEDA94A957}.Release|Any CPU.ActiveCfg = Release|Any CPU
		{B311200E-2B41-465B-B474-FBAEDA94A957}.Release|Any CPU.Build.0 = Release|Any CPU
		{D7FE0B8F-7E8B-4B40-B89E-FFE655A77FEC}.Debug|Any CPU.ActiveCfg = Debug|Any CPU
		{D7FE0B8F-7E8B-4B40-B89E-FFE655A77FEC}.Debug|Any CPU.Build.0 = Debug|Any CPU
		{D7FE0B8F-7E8B-4B40-B89E-FFE655A77FEC}.Release|Any CPU.ActiveCfg = Release|Any CPU
		{D7FE0B8F-7E8B-4B40-B89E-FFE655A77FEC}.Release|Any CPU.Build.0 = Release|Any CPU
	EndGlobalSection
	GlobalSection(SolutionProperties) = preSolution
		HideSolutionNode = FALSE
	EndGlobalSection
	GlobalSection(ExtensibilityGlobals) = postSolution
		SolutionGuid = {823AD360-7427-4FE8-87EF-810544DFBED0}
	EndGlobalSection
	GlobalSection(NestedProjects) = preSolution
		{E06365B5-D709-49BB-8D13-4CC23C83B1FD} = {031EDE62-EFB2-440F-8DAA-149664B79117}
		{937458D2-E6B2-4F9C-8F90-A9C92076008C} = {031EDE62-EFB2-440F-8DAA-149664B79117}
		{BFD86BBE-669B-4566-B136-8B247212F013} = {031EDE62-EFB2-440F-8DAA-149664B79117}
	EndGlobalSection
EndGlobal
